
Microsoft Visual Studio Solution File, Format Version 12.00
# Visual Studio Version 17
VisualStudioVersion = 17.5.002.0
MinimumVisualStudioVersion = 10.0.40219.1
Project("{9A19103F-16F7-4668-BE54-9A1E7A4F7556}") = "TodoApi", "TodoApi.csproj", "{EC17796A-3CCA-483A-8629-BEE296FD07BD}"
EndProject
Global
	GlobalSection(SolutionConfigurationPlatforms) = preSolution
		Debug|Any CPU = Debug|Any CPU
		Release|Any CPU = Release|Any CPU
	EndGlobalSection
	GlobalSection(ProjectConfigurationPlatforms) = postSolution
		{EC17796A-3CCA-483A-8629-BEE296FD07BD}.Debug|Any CPU.ActiveCfg = Debug|Any CPU
		{EC17796A-3CCA-483A-8629-BEE296FD07BD}.Debug|Any CPU.Build.0 = Debug|Any CPU
		{EC17796A-3CCA-483A-8629-BEE296FD07BD}.Release|Any CPU.ActiveCfg = Release|Any CPU
		{EC17796A-3CCA-483A-8629-BEE296FD07BD}.Release|Any CPU.Build.0 = Release|Any CPU
	EndGlobalSection
	GlobalSection(SolutionProperties) = preSolution
		HideSolutionNode = FALSE
	EndGlobalSection
	GlobalSection(ExtensibilityGlobals) = postSolution
		SolutionGuid = {D7BB0F42-2973-46A6-8BCE-28ADA040A2DA}
	EndGlobalSection
EndGlobal
